// !$*UTF8*$!
{
	archiveVersion = 1;
	classes = {
	};
	objectVersion = 46;
	objects = {

/* Begin PBXBuildFile section */
		A418EFC718EB576400F8CD4F /* Foundation.framework in Frameworks */ = {isa = PBXBuildFile; fileRef = A418EFC618EB576400F8CD4F /* Foundation.framework */; };
		A418EFC918EB576400F8CD4F /* CoreGraphics.framework in Frameworks */ = {isa = PBXBuildFile; fileRef = A418EFC818EB576400F8CD4F /* CoreGraphics.framework */; };
		A418EFCB18EB576400F8CD4F /* UIKit.framework in Frameworks */ = {isa = PBXBuildFile; fileRef = A418EFCA18EB576400F8CD4F /* UIKit.framework */; };
		A418EFCD18EB576400F8CD4F /* CoreData.framework in Frameworks */ = {isa = PBXBuildFile; fileRef = A418EFCC18EB576400F8CD4F /* CoreData.framework */; };
		A418EFD318EB576400F8CD4F /* InfoPlist.strings in Resources */ = {isa = PBXBuildFile; fileRef = A418EFD118EB576400F8CD4F /* InfoPlist.strings */; };
		A418EFD518EB576400F8CD4F /* main.m in Sources */ = {isa = PBXBuildFile; fileRef = A418EFD418EB576400F8CD4F /* main.m */; };
		A418EFD918EB576400F8CD4F /* TDFAppDelegate.m in Sources */ = {isa = PBXBuildFile; fileRef = A418EFD818EB576400F8CD4F /* TDFAppDelegate.m */; };
		A418EFDC18EB576400F8CD4F /* TitaniumDragonfly.xcdatamodeld in Sources */ = {isa = PBXBuildFile; fileRef = A418EFDA18EB576400F8CD4F /* TitaniumDragonfly.xcdatamodeld */; };
		A418EFDE18EB576400F8CD4F /* Images.xcassets in Resources */ = {isa = PBXBuildFile; fileRef = A418EFDD18EB576400F8CD4F /* Images.xcassets */; };
		A418EFE518EB576400F8CD4F /* XCTest.framework in Frameworks */ = {isa = PBXBuildFile; fileRef = A418EFE418EB576400F8CD4F /* XCTest.framework */; };
		A418EFE618EB576400F8CD4F /* Foundation.framework in Frameworks */ = {isa = PBXBuildFile; fileRef = A418EFC618EB576400F8CD4F /* Foundation.framework */; };
		A418EFE718EB576400F8CD4F /* UIKit.framework in Frameworks */ = {isa = PBXBuildFile; fileRef = A418EFCA18EB576400F8CD4F /* UIKit.framework */; };
		A418EFE818EB576400F8CD4F /* CoreData.framework in Frameworks */ = {isa = PBXBuildFile; fileRef = A418EFCC18EB576400F8CD4F /* CoreData.framework */; };
		A418EFF018EB576400F8CD4F /* InfoPlist.strings in Resources */ = {isa = PBXBuildFile; fileRef = A418EFEE18EB576400F8CD4F /* InfoPlist.strings */; };
		A418EFF218EB576400F8CD4F /* TitaniumDragonflyTests.m in Sources */ = {isa = PBXBuildFile; fileRef = A418EFF118EB576400F8CD4F /* TitaniumDragonflyTests.m */; };
		A41AC06118EB623B008B52B2 /* Parse.framework in Frameworks */ = {isa = PBXBuildFile; fileRef = A41AC06018EB623B008B52B2 /* Parse.framework */; };
		A41AC06318EB6266008B52B2 /* AudioToolbox.framework in Frameworks */ = {isa = PBXBuildFile; fileRef = A41AC06218EB6266008B52B2 /* AudioToolbox.framework */; };
		A41AC06518EB6272008B52B2 /* CFNetwork.framework in Frameworks */ = {isa = PBXBuildFile; fileRef = A41AC06418EB6272008B52B2 /* CFNetwork.framework */; };
		A41AC06718EB6285008B52B2 /* CoreLocation.framework in Frameworks */ = {isa = PBXBuildFile; fileRef = A41AC06618EB6285008B52B2 /* CoreLocation.framework */; };
		A41AC06918EB6296008B52B2 /* libz.dylib in Frameworks */ = {isa = PBXBuildFile; fileRef = A41AC06818EB6296008B52B2 /* libz.dylib */; };
		A41AC06B18EB62A3008B52B2 /* MobileCoreServices.framework in Frameworks */ = {isa = PBXBuildFile; fileRef = A41AC06A18EB62A3008B52B2 /* MobileCoreServices.framework */; };
		A41AC06D18EB62AE008B52B2 /* QuartzCore.framework in Frameworks */ = {isa = PBXBuildFile; fileRef = A41AC06C18EB62AE008B52B2 /* QuartzCore.framework */; };
		A41AC06F18EB62BA008B52B2 /* Security.framework in Frameworks */ = {isa = PBXBuildFile; fileRef = A41AC06E18EB62BA008B52B2 /* Security.framework */; };
		A41AC07118EB62C7008B52B2 /* StoreKit.framework in Frameworks */ = {isa = PBXBuildFile; fileRef = A41AC07018EB62C7008B52B2 /* StoreKit.framework */; };
		A41AC07318EB62D5008B52B2 /* SystemConfiguration.framework in Frameworks */ = {isa = PBXBuildFile; fileRef = A41AC07218EB62D5008B52B2 /* SystemConfiguration.framework */; };
		A41AC07518EB6371008B52B2 /* Main.storyboard in Resources */ = {isa = PBXBuildFile; fileRef = A41AC07418EB6371008B52B2 /* Main.storyboard */; };
		A44259DC18F1B3BA001DE387 /* AudioToolbox.framework in Frameworks */ = {isa = PBXBuildFile; fileRef = A41AC06218EB6266008B52B2 /* AudioToolbox.framework */; };
		A44259DD18F1B3C3001DE387 /* CFNetwork.framework in Frameworks */ = {isa = PBXBuildFile; fileRef = A41AC06418EB6272008B52B2 /* CFNetwork.framework */; };
		A44259DE18F1B3CC001DE387 /* CoreGraphics.framework in Frameworks */ = {isa = PBXBuildFile; fileRef = A418EFC818EB576400F8CD4F /* CoreGraphics.framework */; };
		A44259DF18F1B3D5001DE387 /* CoreLocation.framework in Frameworks */ = {isa = PBXBuildFile; fileRef = A41AC06618EB6285008B52B2 /* CoreLocation.framework */; };
		A44259E018F1B3DF001DE387 /* libz.dylib in Frameworks */ = {isa = PBXBuildFile; fileRef = A41AC06818EB6296008B52B2 /* libz.dylib */; };
		A44259E118F1B3E9001DE387 /* MobileCoreServices.framework in Frameworks */ = {isa = PBXBuildFile; fileRef = A41AC06A18EB62A3008B52B2 /* MobileCoreServices.framework */; };
		A44259E218F1B3F3001DE387 /* QuartzCore.framework in Frameworks */ = {isa = PBXBuildFile; fileRef = A41AC06C18EB62AE008B52B2 /* QuartzCore.framework */; };
		A44259E318F1B400001DE387 /* Security.framework in Frameworks */ = {isa = PBXBuildFile; fileRef = A41AC06E18EB62BA008B52B2 /* Security.framework */; };
		A44259E418F1B40C001DE387 /* StoreKit.framework in Frameworks */ = {isa = PBXBuildFile; fileRef = A41AC07018EB62C7008B52B2 /* StoreKit.framework */; };
		A44259E518F1B416001DE387 /* SystemConfiguration.framework in Frameworks */ = {isa = PBXBuildFile; fileRef = A41AC07218EB62D5008B52B2 /* SystemConfiguration.framework */; };
		A44259E618F1B54E001DE387 /* libOCMock.a in Frameworks */ = {isa = PBXBuildFile; fileRef = A44259DA18F1ADD7001DE387 /* libOCMock.a */; };
		A44259E818F1B816001DE387 /* usr in Resources */ = {isa = PBXBuildFile; fileRef = A44259E718F1B816001DE387 /* usr */; };
		A4A4E0B318F14D510040F60D /* TDFInventoryViewControllerTests.m in Sources */ = {isa = PBXBuildFile; fileRef = A4A4E0B218F14D510040F60D /* TDFInventoryViewControllerTests.m */; };
		A4A4E0B418F14F7F0040F60D /* Parse.framework in Frameworks */ = {isa = PBXBuildFile; fileRef = A41AC06018EB623B008B52B2 /* Parse.framework */; };
		A4A4E0B618F150B00040F60D /* TDFCreateItemViewControllerTests.m in Sources */ = {isa = PBXBuildFile; fileRef = A4A4E0B518F150B00040F60D /* TDFCreateItemViewControllerTests.m */; };
		A4A4E0B818F151960040F60D /* TDFDropItemViewControllerTests.m in Sources */ = {isa = PBXBuildFile; fileRef = A4A4E0B718F151960040F60D /* TDFDropItemViewControllerTests.m */; };
		A4A4E0BA18F1528D0040F60D /* TDFCollectViewControllerTests.m in Sources */ = {isa = PBXBuildFile; fileRef = A4A4E0B918F1528D0040F60D /* TDFCollectViewControllerTests.m */; };
		A4A4E0BC18F153430040F60D /* TDFCollectItemViewControllerTests.m in Sources */ = {isa = PBXBuildFile; fileRef = A4A4E0BB18F153430040F60D /* TDFCollectItemViewControllerTests.m */; };
		A4BBF8EE18EBDED500247E4C /* TDFLookViewController.m in Sources */ = {isa = PBXBuildFile; fileRef = A4BBF8ED18EBDED500247E4C /* TDFLookViewController.m */; };
		A4BBF8F018EBDF2C00247E4C /* MapKit.framework in Frameworks */ = {isa = PBXBuildFile; fileRef = A4BBF8EF18EBDF2C00247E4C /* MapKit.framework */; };
		A4BBF8F318EC122500247E4C /* TDFInventoryViewController.m in Sources */ = {isa = PBXBuildFile; fileRef = A4BBF8F218EC122500247E4C /* TDFInventoryViewController.m */; };
		A4BBF8F618EC16B500247E4C /* TDFCreateItemViewController.m in Sources */ = {isa = PBXBuildFile; fileRef = A4BBF8F518EC16B500247E4C /* TDFCreateItemViewController.m */; };
		A4BBF8F918EC1F9A00247E4C /* TDFDropItemViewController.m in Sources */ = {isa = PBXBuildFile; fileRef = A4BBF8F818EC1F9A00247E4C /* TDFDropItemViewController.m */; };
		A4BBF8FC18EC29BF00247E4C /* TDFCollectViewController.m in Sources */ = {isa = PBXBuildFile; fileRef = A4BBF8FB18EC29BF00247E4C /* TDFCollectViewController.m */; };
		A4BFECBE18EC63480055F871 /* TDFCollectItemViewController.m in Sources */ = {isa = PBXBuildFile; fileRef = A4BFECBD18EC63480055F871 /* TDFCollectItemViewController.m */; };
		A4BFECC218EF037A0055F871 /* TDFLookViewControllerTests.m in Sources */ = {isa = PBXBuildFile; fileRef = A4BFECC118EF037A0055F871 /* TDFLookViewControllerTests.m */; };
		A4C4991C1907AAD300A924C2 /* TDFCDInventoryViewController.m in Sources */ = {isa = PBXBuildFile; fileRef = A4C4991B1907AAD300A924C2 /* TDFCDInventoryViewController.m */; };
		A4C4991F1907AD7B00A924C2 /* InventoryItem.m in Sources */ = {isa = PBXBuildFile; fileRef = A4C4991E1907AD7B00A924C2 /* InventoryItem.m */; };
		A4DE92B818F2C18800C80349 /* TDFMapAnnotation.m in Sources */ = {isa = PBXBuildFile; fileRef = A4DE92B718F2C18800C80349 /* TDFMapAnnotation.m */; };
		A4DE92BA18F2C1B600C80349 /* TDFMapAnnotationTests.m in Sources */ = {isa = PBXBuildFile; fileRef = A4DE92B918F2C1B600C80349 /* TDFMapAnnotationTests.m */; };
/* End PBXBuildFile section */

/* Begin PBXContainerItemProxy section */
		A418EFE918EB576400F8CD4F /* PBXContainerItemProxy */ = {
			isa = PBXContainerItemProxy;
			containerPortal = A418EFBB18EB576400F8CD4F /* Project object */;
			proxyType = 1;
			remoteGlobalIDString = A418EFC218EB576400F8CD4F;
			remoteInfo = TitaniumDragonfly;
		};
/* End PBXContainerItemProxy section */

/* Begin PBXFileReference section */
		A418EFC318EB576400F8CD4F /* TitaniumDragonfly.app */ = {isa = PBXFileReference; explicitFileType = wrapper.application; includeInIndex = 0; path = TitaniumDragonfly.app; sourceTree = BUILT_PRODUCTS_DIR; };
		A418EFC618EB576400F8CD4F /* Foundation.framework */ = {isa = PBXFileReference; lastKnownFileType = wrapper.framework; name = Foundation.framework; path = System/Library/Frameworks/Foundation.framework; sourceTree = SDKROOT; };
		A418EFC818EB576400F8CD4F /* CoreGraphics.framework */ = {isa = PBXFileReference; lastKnownFileType = wrapper.framework; name = CoreGraphics.framework; path = System/Library/Frameworks/CoreGraphics.framework; sourceTree = SDKROOT; };
		A418EFCA18EB576400F8CD4F /* UIKit.framework */ = {isa = PBXFileReference; lastKnownFileType = wrapper.framework; name = UIKit.framework; path = System/Library/Frameworks/UIKit.framework; sourceTree = SDKROOT; };
		A418EFCC18EB576400F8CD4F /* CoreData.framework */ = {isa = PBXFileReference; lastKnownFileType = wrapper.framework; name = CoreData.framework; path = System/Library/Frameworks/CoreData.framework; sourceTree = SDKROOT; };
		A418EFD018EB576400F8CD4F /* TitaniumDragonfly-Info.plist */ = {isa = PBXFileReference; lastKnownFileType = text.plist.xml; path = "TitaniumDragonfly-Info.plist"; sourceTree = "<group>"; };
		A418EFD218EB576400F8CD4F /* en */ = {isa = PBXFileReference; lastKnownFileType = text.plist.strings; name = en; path = en.lproj/InfoPlist.strings; sourceTree = "<group>"; };
		A418EFD418EB576400F8CD4F /* main.m */ = {isa = PBXFileReference; lastKnownFileType = sourcecode.c.objc; path = main.m; sourceTree = "<group>"; };
		A418EFD618EB576400F8CD4F /* TitaniumDragonfly-Prefix.pch */ = {isa = PBXFileReference; lastKnownFileType = sourcecode.c.h; path = "TitaniumDragonfly-Prefix.pch"; sourceTree = "<group>"; };
		A418EFD718EB576400F8CD4F /* TDFAppDelegate.h */ = {isa = PBXFileReference; lastKnownFileType = sourcecode.c.h; path = TDFAppDelegate.h; sourceTree = "<group>"; };
		A418EFD818EB576400F8CD4F /* TDFAppDelegate.m */ = {isa = PBXFileReference; lastKnownFileType = sourcecode.c.objc; path = TDFAppDelegate.m; sourceTree = "<group>"; };
		A418EFDB18EB576400F8CD4F /* TitaniumDragonfly.xcdatamodel */ = {isa = PBXFileReference; lastKnownFileType = wrapper.xcdatamodel; path = TitaniumDragonfly.xcdatamodel; sourceTree = "<group>"; };
		A418EFDD18EB576400F8CD4F /* Images.xcassets */ = {isa = PBXFileReference; lastKnownFileType = folder.assetcatalog; path = Images.xcassets; sourceTree = "<group>"; };
		A418EFE318EB576400F8CD4F /* TitaniumDragonflyTests.xctest */ = {isa = PBXFileReference; explicitFileType = wrapper.cfbundle; includeInIndex = 0; path = TitaniumDragonflyTests.xctest; sourceTree = BUILT_PRODUCTS_DIR; };
		A418EFE418EB576400F8CD4F /* XCTest.framework */ = {isa = PBXFileReference; lastKnownFileType = wrapper.framework; name = XCTest.framework; path = Library/Frameworks/XCTest.framework; sourceTree = DEVELOPER_DIR; };
		A418EFED18EB576400F8CD4F /* TitaniumDragonflyTests-Info.plist */ = {isa = PBXFileReference; lastKnownFileType = text.plist.xml; path = "TitaniumDragonflyTests-Info.plist"; sourceTree = "<group>"; };
		A418EFEF18EB576400F8CD4F /* en */ = {isa = PBXFileReference; lastKnownFileType = text.plist.strings; name = en; path = en.lproj/InfoPlist.strings; sourceTree = "<group>"; };
		A418EFF118EB576400F8CD4F /* TitaniumDragonflyTests.m */ = {isa = PBXFileReference; lastKnownFileType = sourcecode.c.objc; path = TitaniumDragonflyTests.m; sourceTree = "<group>"; };
		A41AC06018EB623B008B52B2 /* Parse.framework */ = {isa = PBXFileReference; lastKnownFileType = wrapper.framework; path = Parse.framework; sourceTree = "<group>"; };
		A41AC06218EB6266008B52B2 /* AudioToolbox.framework */ = {isa = PBXFileReference; lastKnownFileType = wrapper.framework; name = AudioToolbox.framework; path = System/Library/Frameworks/AudioToolbox.framework; sourceTree = SDKROOT; };
		A41AC06418EB6272008B52B2 /* CFNetwork.framework */ = {isa = PBXFileReference; lastKnownFileType = wrapper.framework; name = CFNetwork.framework; path = System/Library/Frameworks/CFNetwork.framework; sourceTree = SDKROOT; };
		A41AC06618EB6285008B52B2 /* CoreLocation.framework */ = {isa = PBXFileReference; lastKnownFileType = wrapper.framework; name = CoreLocation.framework; path = System/Library/Frameworks/CoreLocation.framework; sourceTree = SDKROOT; };
		A41AC06818EB6296008B52B2 /* libz.dylib */ = {isa = PBXFileReference; lastKnownFileType = "compiled.mach-o.dylib"; name = libz.dylib; path = usr/lib/libz.dylib; sourceTree = SDKROOT; };
		A41AC06A18EB62A3008B52B2 /* MobileCoreServices.framework */ = {isa = PBXFileReference; lastKnownFileType = wrapper.framework; name = MobileCoreServices.framework; path = System/Library/Frameworks/MobileCoreServices.framework; sourceTree = SDKROOT; };
		A41AC06C18EB62AE008B52B2 /* QuartzCore.framework */ = {isa = PBXFileReference; lastKnownFileType = wrapper.framework; name = QuartzCore.framework; path = System/Library/Frameworks/QuartzCore.framework; sourceTree = SDKROOT; };
		A41AC06E18EB62BA008B52B2 /* Security.framework */ = {isa = PBXFileReference; lastKnownFileType = wrapper.framework; name = Security.framework; path = System/Library/Frameworks/Security.framework; sourceTree = SDKROOT; };
		A41AC07018EB62C7008B52B2 /* StoreKit.framework */ = {isa = PBXFileReference; lastKnownFileType = wrapper.framework; name = StoreKit.framework; path = System/Library/Frameworks/StoreKit.framework; sourceTree = SDKROOT; };
		A41AC07218EB62D5008B52B2 /* SystemConfiguration.framework */ = {isa = PBXFileReference; lastKnownFileType = wrapper.framework; name = SystemConfiguration.framework; path = System/Library/Frameworks/SystemConfiguration.framework; sourceTree = SDKROOT; };
		A41AC07418EB6371008B52B2 /* Main.storyboard */ = {isa = PBXFileReference; fileEncoding = 4; lastKnownFileType = file.storyboard; path = Main.storyboard; sourceTree = "<group>"; };
		A44259DA18F1ADD7001DE387 /* libOCMock.a */ = {isa = PBXFileReference; lastKnownFileType = archive.ar; name = libOCMock.a; path = usr/lib/libOCMock.a; sourceTree = "<group>"; };
		A44259E718F1B816001DE387 /* usr */ = {isa = PBXFileReference; lastKnownFileType = folder; path = usr; sourceTree = "<group>"; };
		A4A4E0B218F14D510040F60D /* TDFInventoryViewControllerTests.m */ = {isa = PBXFileReference; fileEncoding = 4; lastKnownFileType = sourcecode.c.objc; path = TDFInventoryViewControllerTests.m; sourceTree = "<group>"; };
		A4A4E0B518F150B00040F60D /* TDFCreateItemViewControllerTests.m */ = {isa = PBXFileReference; fileEncoding = 4; lastKnownFileType = sourcecode.c.objc; path = TDFCreateItemViewControllerTests.m; sourceTree = "<group>"; };
		A4A4E0B718F151960040F60D /* TDFDropItemViewControllerTests.m */ = {isa = PBXFileReference; fileEncoding = 4; lastKnownFileType = sourcecode.c.objc; path = TDFDropItemViewControllerTests.m; sourceTree = "<group>"; };
		A4A4E0B918F1528D0040F60D /* TDFCollectViewControllerTests.m */ = {isa = PBXFileReference; fileEncoding = 4; lastKnownFileType = sourcecode.c.objc; path = TDFCollectViewControllerTests.m; sourceTree = "<group>"; };
		A4A4E0BB18F153430040F60D /* TDFCollectItemViewControllerTests.m */ = {isa = PBXFileReference; fileEncoding = 4; lastKnownFileType = sourcecode.c.objc; path = TDFCollectItemViewControllerTests.m; sourceTree = "<group>"; };
		A4BBF8EC18EBDED500247E4C /* TDFLookViewController.h */ = {isa = PBXFileReference; fileEncoding = 4; lastKnownFileType = sourcecode.c.h; path = TDFLookViewController.h; sourceTree = "<group>"; };
		A4BBF8ED18EBDED500247E4C /* TDFLookViewController.m */ = {isa = PBXFileReference; fileEncoding = 4; lastKnownFileType = sourcecode.c.objc; path = TDFLookViewController.m; sourceTree = "<group>"; };
		A4BBF8EF18EBDF2C00247E4C /* MapKit.framework */ = {isa = PBXFileReference; lastKnownFileType = wrapper.framework; name = MapKit.framework; path = System/Library/Frameworks/MapKit.framework; sourceTree = SDKROOT; };
		A4BBF8F118EC122500247E4C /* TDFInventoryViewController.h */ = {isa = PBXFileReference; fileEncoding = 4; lastKnownFileType = sourcecode.c.h; path = TDFInventoryViewController.h; sourceTree = "<group>"; };
		A4BBF8F218EC122500247E4C /* TDFInventoryViewController.m */ = {isa = PBXFileReference; fileEncoding = 4; lastKnownFileType = sourcecode.c.objc; path = TDFInventoryViewController.m; sourceTree = "<group>"; };
		A4BBF8F418EC16B500247E4C /* TDFCreateItemViewController.h */ = {isa = PBXFileReference; fileEncoding = 4; lastKnownFileType = sourcecode.c.h; path = TDFCreateItemViewController.h; sourceTree = "<group>"; };
		A4BBF8F518EC16B500247E4C /* TDFCreateItemViewController.m */ = {isa = PBXFileReference; fileEncoding = 4; lastKnownFileType = sourcecode.c.objc; path = TDFCreateItemViewController.m; sourceTree = "<group>"; };
		A4BBF8F718EC1F9A00247E4C /* TDFDropItemViewController.h */ = {isa = PBXFileReference; fileEncoding = 4; lastKnownFileType = sourcecode.c.h; path = TDFDropItemViewController.h; sourceTree = "<group>"; };
		A4BBF8F818EC1F9A00247E4C /* TDFDropItemViewController.m */ = {isa = PBXFileReference; fileEncoding = 4; lastKnownFileType = sourcecode.c.objc; path = TDFDropItemViewController.m; sourceTree = "<group>"; };
		A4BBF8FA18EC29BF00247E4C /* TDFCollectViewController.h */ = {isa = PBXFileReference; fileEncoding = 4; lastKnownFileType = sourcecode.c.h; path = TDFCollectViewController.h; sourceTree = "<group>"; };
		A4BBF8FB18EC29BF00247E4C /* TDFCollectViewController.m */ = {isa = PBXFileReference; fileEncoding = 4; lastKnownFileType = sourcecode.c.objc; path = TDFCollectViewController.m; sourceTree = "<group>"; };
		A4BFECBC18EC63480055F871 /* TDFCollectItemViewController.h */ = {isa = PBXFileReference; fileEncoding = 4; lastKnownFileType = sourcecode.c.h; path = TDFCollectItemViewController.h; sourceTree = "<group>"; };
		A4BFECBD18EC63480055F871 /* TDFCollectItemViewController.m */ = {isa = PBXFileReference; fileEncoding = 4; lastKnownFileType = sourcecode.c.objc; path = TDFCollectItemViewController.m; sourceTree = "<group>"; };
		A4BFECC118EF037A0055F871 /* TDFLookViewControllerTests.m */ = {isa = PBXFileReference; fileEncoding = 4; lastKnownFileType = sourcecode.c.objc; path = TDFLookViewControllerTests.m; sourceTree = "<group>"; };
		A4C4991A1907AAD300A924C2 /* TDFCDInventoryViewController.h */ = {isa = PBXFileReference; fileEncoding = 4; lastKnownFileType = sourcecode.c.h; path = TDFCDInventoryViewController.h; sourceTree = "<group>"; };
		A4C4991B1907AAD300A924C2 /* TDFCDInventoryViewController.m */ = {isa = PBXFileReference; fileEncoding = 4; lastKnownFileType = sourcecode.c.objc; path = TDFCDInventoryViewController.m; sourceTree = "<group>"; };
		A4C4991D1907AD7B00A924C2 /* InventoryItem.h */ = {isa = PBXFileReference; fileEncoding = 4; lastKnownFileType = sourcecode.c.h; path = InventoryItem.h; sourceTree = "<group>"; };
		A4C4991E1907AD7B00A924C2 /* InventoryItem.m */ = {isa = PBXFileReference; fileEncoding = 4; lastKnownFileType = sourcecode.c.objc; path = InventoryItem.m; sourceTree = "<group>"; };
		A4DE92B618F2C18800C80349 /* TDFMapAnnotation.h */ = {isa = PBXFileReference; fileEncoding = 4; lastKnownFileType = sourcecode.c.h; path = TDFMapAnnotation.h; sourceTree = "<group>"; };
		A4DE92B718F2C18800C80349 /* TDFMapAnnotation.m */ = {isa = PBXFileReference; fileEncoding = 4; lastKnownFileType = sourcecode.c.objc; path = TDFMapAnnotation.m; sourceTree = "<group>"; };
		A4DE92B918F2C1B600C80349 /* TDFMapAnnotationTests.m */ = {isa = PBXFileReference; fileEncoding = 4; lastKnownFileType = sourcecode.c.objc; path = TDFMapAnnotationTests.m; sourceTree = "<group>"; };
/* End PBXFileReference section */

/* Begin PBXFrameworksBuildPhase section */
		A418EFC018EB576400F8CD4F /* Frameworks */ = {
			isa = PBXFrameworksBuildPhase;
			buildActionMask = 2147483647;
			files = (
				A4BBF8F018EBDF2C00247E4C /* MapKit.framework in Frameworks */,
				A41AC07318EB62D5008B52B2 /* SystemConfiguration.framework in Frameworks */,
				A41AC07118EB62C7008B52B2 /* StoreKit.framework in Frameworks */,
				A41AC06F18EB62BA008B52B2 /* Security.framework in Frameworks */,
				A41AC06D18EB62AE008B52B2 /* QuartzCore.framework in Frameworks */,
				A41AC06B18EB62A3008B52B2 /* MobileCoreServices.framework in Frameworks */,
				A41AC06918EB6296008B52B2 /* libz.dylib in Frameworks */,
				A41AC06718EB6285008B52B2 /* CoreLocation.framework in Frameworks */,
				A41AC06518EB6272008B52B2 /* CFNetwork.framework in Frameworks */,
				A41AC06318EB6266008B52B2 /* AudioToolbox.framework in Frameworks */,
				A418EFC918EB576400F8CD4F /* CoreGraphics.framework in Frameworks */,
				A418EFCD18EB576400F8CD4F /* CoreData.framework in Frameworks */,
				A418EFCB18EB576400F8CD4F /* UIKit.framework in Frameworks */,
				A418EFC718EB576400F8CD4F /* Foundation.framework in Frameworks */,
				A41AC06118EB623B008B52B2 /* Parse.framework in Frameworks */,
			);
			runOnlyForDeploymentPostprocessing = 0;
		};
		A418EFE018EB576400F8CD4F /* Frameworks */ = {
			isa = PBXFrameworksBuildPhase;
			buildActionMask = 2147483647;
			files = (
				A44259E618F1B54E001DE387 /* libOCMock.a in Frameworks */,
				A44259E518F1B416001DE387 /* SystemConfiguration.framework in Frameworks */,
				A44259E418F1B40C001DE387 /* StoreKit.framework in Frameworks */,
				A44259E318F1B400001DE387 /* Security.framework in Frameworks */,
				A44259E218F1B3F3001DE387 /* QuartzCore.framework in Frameworks */,
				A44259E118F1B3E9001DE387 /* MobileCoreServices.framework in Frameworks */,
				A44259E018F1B3DF001DE387 /* libz.dylib in Frameworks */,
				A44259DF18F1B3D5001DE387 /* CoreLocation.framework in Frameworks */,
				A44259DE18F1B3CC001DE387 /* CoreGraphics.framework in Frameworks */,
				A44259DD18F1B3C3001DE387 /* CFNetwork.framework in Frameworks */,
				A44259DC18F1B3BA001DE387 /* AudioToolbox.framework in Frameworks */,
				A4A4E0B418F14F7F0040F60D /* Parse.framework in Frameworks */,
				A418EFE518EB576400F8CD4F /* XCTest.framework in Frameworks */,
				A418EFE818EB576400F8CD4F /* CoreData.framework in Frameworks */,
				A418EFE718EB576400F8CD4F /* UIKit.framework in Frameworks */,
				A418EFE618EB576400F8CD4F /* Foundation.framework in Frameworks */,
			);
			runOnlyForDeploymentPostprocessing = 0;
		};
/* End PBXFrameworksBuildPhase section */

/* Begin PBXGroup section */
		A418EFBA18EB576400F8CD4F = {
			isa = PBXGroup;
			children = (
				A44259E718F1B816001DE387 /* usr */,
				A418EFCE18EB576400F8CD4F /* TitaniumDragonfly */,
				A418EFEB18EB576400F8CD4F /* TitaniumDragonflyTests */,
				A418EFC518EB576400F8CD4F /* Frameworks */,
				A418EFC418EB576400F8CD4F /* Products */,
			);
			sourceTree = "<group>";
		};
		A418EFC418EB576400F8CD4F /* Products */ = {
			isa = PBXGroup;
			children = (
				A418EFC318EB576400F8CD4F /* TitaniumDragonfly.app */,
				A418EFE318EB576400F8CD4F /* TitaniumDragonflyTests.xctest */,
			);
			name = Products;
			sourceTree = "<group>";
		};
		A418EFC518EB576400F8CD4F /* Frameworks */ = {
			isa = PBXGroup;
			children = (
				A44259DA18F1ADD7001DE387 /* libOCMock.a */,
				A4BBF8EF18EBDF2C00247E4C /* MapKit.framework */,
				A41AC07218EB62D5008B52B2 /* SystemConfiguration.framework */,
				A41AC07018EB62C7008B52B2 /* StoreKit.framework */,
				A41AC06E18EB62BA008B52B2 /* Security.framework */,
				A41AC06C18EB62AE008B52B2 /* QuartzCore.framework */,
				A41AC06A18EB62A3008B52B2 /* MobileCoreServices.framework */,
				A41AC06818EB6296008B52B2 /* libz.dylib */,
				A41AC06618EB6285008B52B2 /* CoreLocation.framework */,
				A41AC06418EB6272008B52B2 /* CFNetwork.framework */,
				A41AC06218EB6266008B52B2 /* AudioToolbox.framework */,
				A41AC06018EB623B008B52B2 /* Parse.framework */,
				A418EFC618EB576400F8CD4F /* Foundation.framework */,
				A418EFC818EB576400F8CD4F /* CoreGraphics.framework */,
				A418EFCA18EB576400F8CD4F /* UIKit.framework */,
				A418EFCC18EB576400F8CD4F /* CoreData.framework */,
				A418EFE418EB576400F8CD4F /* XCTest.framework */,
			);
			name = Frameworks;
			sourceTree = "<group>";
		};
		A418EFCE18EB576400F8CD4F /* TitaniumDragonfly */ = {
			isa = PBXGroup;
			children = (
				A418EFD718EB576400F8CD4F /* TDFAppDelegate.h */,
				A418EFD818EB576400F8CD4F /* TDFAppDelegate.m */,
				A41AC07418EB6371008B52B2 /* Main.storyboard */,
				A4BBF8EC18EBDED500247E4C /* TDFLookViewController.h */,
				A4BBF8ED18EBDED500247E4C /* TDFLookViewController.m */,
				A4BBF8F118EC122500247E4C /* TDFInventoryViewController.h */,
				A4BBF8F218EC122500247E4C /* TDFInventoryViewController.m */,
				A4BBF8F418EC16B500247E4C /* TDFCreateItemViewController.h */,
				A4BBF8F518EC16B500247E4C /* TDFCreateItemViewController.m */,
				A4BBF8F718EC1F9A00247E4C /* TDFDropItemViewController.h */,
				A4BBF8F818EC1F9A00247E4C /* TDFDropItemViewController.m */,
				A4BBF8FA18EC29BF00247E4C /* TDFCollectViewController.h */,
				A4BBF8FB18EC29BF00247E4C /* TDFCollectViewController.m */,
				A4BFECBC18EC63480055F871 /* TDFCollectItemViewController.h */,
				A4BFECBD18EC63480055F871 /* TDFCollectItemViewController.m */,
				A4DE92B618F2C18800C80349 /* TDFMapAnnotation.h */,
				A4DE92B718F2C18800C80349 /* TDFMapAnnotation.m */,
				A418EFDD18EB576400F8CD4F /* Images.xcassets */,
				A418EFDA18EB576400F8CD4F /* TitaniumDragonfly.xcdatamodeld */,
				A4C4991D1907AD7B00A924C2 /* InventoryItem.h */,
				A4C4991E1907AD7B00A924C2 /* InventoryItem.m */,
				A4C4991A1907AAD300A924C2 /* TDFCDInventoryViewController.h */,
				A4C4991B1907AAD300A924C2 /* TDFCDInventoryViewController.m */,
				A418EFCF18EB576400F8CD4F /* Supporting Files */,
			);
			path = TitaniumDragonfly;
			sourceTree = "<group>";
		};
		A418EFCF18EB576400F8CD4F /* Supporting Files */ = {
			isa = PBXGroup;
			children = (
				A418EFD018EB576400F8CD4F /* TitaniumDragonfly-Info.plist */,
				A418EFD118EB576400F8CD4F /* InfoPlist.strings */,
				A418EFD418EB576400F8CD4F /* main.m */,
				A418EFD618EB576400F8CD4F /* TitaniumDragonfly-Prefix.pch */,
			);
			name = "Supporting Files";
			sourceTree = "<group>";
		};
		A418EFEB18EB576400F8CD4F /* TitaniumDragonflyTests */ = {
			isa = PBXGroup;
			children = (
				A418EFF118EB576400F8CD4F /* TitaniumDragonflyTests.m */,
				A4BFECC118EF037A0055F871 /* TDFLookViewControllerTests.m */,
				A4A4E0B218F14D510040F60D /* TDFInventoryViewControllerTests.m */,
				A4A4E0B518F150B00040F60D /* TDFCreateItemViewControllerTests.m */,
				A4A4E0B718F151960040F60D /* TDFDropItemViewControllerTests.m */,
				A4A4E0B918F1528D0040F60D /* TDFCollectViewControllerTests.m */,
				A4A4E0BB18F153430040F60D /* TDFCollectItemViewControllerTests.m */,
				A4DE92B918F2C1B600C80349 /* TDFMapAnnotationTests.m */,
				A418EFEC18EB576400F8CD4F /* Supporting Files */,
			);
			path = TitaniumDragonflyTests;
			sourceTree = "<group>";
		};
		A418EFEC18EB576400F8CD4F /* Supporting Files */ = {
			isa = PBXGroup;
			children = (
				A418EFED18EB576400F8CD4F /* TitaniumDragonflyTests-Info.plist */,
				A418EFEE18EB576400F8CD4F /* InfoPlist.strings */,
			);
			name = "Supporting Files";
			sourceTree = "<group>";
		};
/* End PBXGroup section */

/* Begin PBXNativeTarget section */
		A418EFC218EB576400F8CD4F /* TitaniumDragonfly */ = {
			isa = PBXNativeTarget;
			buildConfigurationList = A418EFF518EB576400F8CD4F /* Build configuration list for PBXNativeTarget "TitaniumDragonfly" */;
			buildPhases = (
				A418EFBF18EB576400F8CD4F /* Sources */,
				A418EFC018EB576400F8CD4F /* Frameworks */,
				A418EFC118EB576400F8CD4F /* Resources */,
			);
			buildRules = (
			);
			dependencies = (
			);
			name = TitaniumDragonfly;
			productName = TitaniumDragonfly;
			productReference = A418EFC318EB576400F8CD4F /* TitaniumDragonfly.app */;
			productType = "com.apple.product-type.application";
		};
		A418EFE218EB576400F8CD4F /* TitaniumDragonflyTests */ = {
			isa = PBXNativeTarget;
			buildConfigurationList = A418EFF818EB576400F8CD4F /* Build configuration list for PBXNativeTarget "TitaniumDragonflyTests" */;
			buildPhases = (
				A418EFDF18EB576400F8CD4F /* Sources */,
				A418EFE018EB576400F8CD4F /* Frameworks */,
				A418EFE118EB576400F8CD4F /* Resources */,
			);
			buildRules = (
			);
			dependencies = (
				A418EFEA18EB576400F8CD4F /* PBXTargetDependency */,
			);
			name = TitaniumDragonflyTests;
			productName = TitaniumDragonflyTests;
			productReference = A418EFE318EB576400F8CD4F /* TitaniumDragonflyTests.xctest */;
			productType = "com.apple.product-type.bundle.unit-test";
		};
/* End PBXNativeTarget section */

/* Begin PBXProject section */
		A418EFBB18EB576400F8CD4F /* Project object */ = {
			isa = PBXProject;
			attributes = {
				CLASSPREFIX = TDF;
				LastUpgradeCheck = 0510;
				TargetAttributes = {
					A418EFE218EB576400F8CD4F = {
						TestTargetID = A418EFC218EB576400F8CD4F;
					};
				};
			};
			buildConfigurationList = A418EFBE18EB576400F8CD4F /* Build configuration list for PBXProject "TitaniumDragonfly" */;
			compatibilityVersion = "Xcode 3.2";
			developmentRegion = English;
			hasScannedForEncodings = 0;
			knownRegions = (
				en,
			);
			mainGroup = A418EFBA18EB576400F8CD4F;
			productRefGroup = A418EFC418EB576400F8CD4F /* Products */;
			projectDirPath = "";
			projectRoot = "";
			targets = (
				A418EFC218EB576400F8CD4F /* TitaniumDragonfly */,
				A418EFE218EB576400F8CD4F /* TitaniumDragonflyTests */,
			);
		};
/* End PBXProject section */

/* Begin PBXResourcesBuildPhase section */
		A418EFC118EB576400F8CD4F /* Resources */ = {
			isa = PBXResourcesBuildPhase;
			buildActionMask = 2147483647;
			files = (
				A41AC07518EB6371008B52B2 /* Main.storyboard in Resources */,
				A418EFD318EB576400F8CD4F /* InfoPlist.strings in Resources */,
				A418EFDE18EB576400F8CD4F /* Images.xcassets in Resources */,
			);
			runOnlyForDeploymentPostprocessing = 0;
		};
		A418EFE118EB576400F8CD4F /* Resources */ = {
			isa = PBXResourcesBuildPhase;
			buildActionMask = 2147483647;
			files = (
				A418EFF018EB576400F8CD4F /* InfoPlist.strings in Resources */,
				A44259E818F1B816001DE387 /* usr in Resources */,
			);
			runOnlyForDeploymentPostprocessing = 0;
		};
/* End PBXResourcesBuildPhase section */

/* Begin PBXSourcesBuildPhase section */
		A418EFBF18EB576400F8CD4F /* Sources */ = {
			isa = PBXSourcesBuildPhase;
			buildActionMask = 2147483647;
			files = (
				A4DE92B818F2C18800C80349 /* TDFMapAnnotation.m in Sources */,
				A4BBF8FC18EC29BF00247E4C /* TDFCollectViewController.m in Sources */,
				A4BBF8F918EC1F9A00247E4C /* TDFDropItemViewController.m in Sources */,
				A4C4991F1907AD7B00A924C2 /* InventoryItem.m in Sources */,
				A4BBF8F318EC122500247E4C /* TDFInventoryViewController.m in Sources */,
				A4C4991C1907AAD300A924C2 /* TDFCDInventoryViewController.m in Sources */,
				A4BBF8EE18EBDED500247E4C /* TDFLookViewController.m in Sources */,
				A418EFDC18EB576400F8CD4F /* TitaniumDragonfly.xcdatamodeld in Sources */,
				A418EFD518EB576400F8CD4F /* main.m in Sources */,
				A4BBF8F618EC16B500247E4C /* TDFCreateItemViewController.m in Sources */,
				A418EFD918EB576400F8CD4F /* TDFAppDelegate.m in Sources */,
				A4BFECBE18EC63480055F871 /* TDFCollectItemViewController.m in Sources */,
			);
			runOnlyForDeploymentPostprocessing = 0;
		};
		A418EFDF18EB576400F8CD4F /* Sources */ = {
			isa = PBXSourcesBuildPhase;
			buildActionMask = 2147483647;
			files = (
				A4A4E0B818F151960040F60D /* TDFDropItemViewControllerTests.m in Sources */,
				A4A4E0BC18F153430040F60D /* TDFCollectItemViewControllerTests.m in Sources */,
				A4A4E0B618F150B00040F60D /* TDFCreateItemViewControllerTests.m in Sources */,
				A4BFECC218EF037A0055F871 /* TDFLookViewControllerTests.m in Sources */,
				A4DE92BA18F2C1B600C80349 /* TDFMapAnnotationTests.m in Sources */,
				A418EFF218EB576400F8CD4F /* TitaniumDragonflyTests.m in Sources */,
				A4A4E0BA18F1528D0040F60D /* TDFCollectViewControllerTests.m in Sources */,
				A4A4E0B318F14D510040F60D /* TDFInventoryViewControllerTests.m in Sources */,
			);
			runOnlyForDeploymentPostprocessing = 0;
		};
/* End PBXSourcesBuildPhase section */

/* Begin PBXTargetDependency section */
		A418EFEA18EB576400F8CD4F /* PBXTargetDependency */ = {
			isa = PBXTargetDependency;
			target = A418EFC218EB576400F8CD4F /* TitaniumDragonfly */;
			targetProxy = A418EFE918EB576400F8CD4F /* PBXContainerItemProxy */;
		};
/* End PBXTargetDependency section */

/* Begin PBXVariantGroup section */
		A418EFD118EB576400F8CD4F /* InfoPlist.strings */ = {
			isa = PBXVariantGroup;
			children = (
				A418EFD218EB576400F8CD4F /* en */,
			);
			name = InfoPlist.strings;
			sourceTree = "<group>";
		};
		A418EFEE18EB576400F8CD4F /* InfoPlist.strings */ = {
			isa = PBXVariantGroup;
			children = (
				A418EFEF18EB576400F8CD4F /* en */,
			);
			name = InfoPlist.strings;
			sourceTree = "<group>";
		};
/* End PBXVariantGroup section */

/* Begin XCBuildConfiguration section */
		A418EFF318EB576400F8CD4F /* Debug */ = {
			isa = XCBuildConfiguration;
			buildSettings = {
				ALWAYS_SEARCH_USER_PATHS = NO;
				CLANG_CXX_LANGUAGE_STANDARD = "gnu++0x";
				CLANG_CXX_LIBRARY = "libc++";
				CLANG_ENABLE_MODULES = YES;
				CLANG_ENABLE_OBJC_ARC = YES;
				CLANG_WARN_BOOL_CONVERSION = YES;
				CLANG_WARN_CONSTANT_CONVERSION = YES;
				CLANG_WARN_DIRECT_OBJC_ISA_USAGE = YES_ERROR;
				CLANG_WARN_EMPTY_BODY = YES;
				CLANG_WARN_ENUM_CONVERSION = YES;
				CLANG_WARN_INT_CONVERSION = YES;
				CLANG_WARN_OBJC_ROOT_CLASS = YES_ERROR;
				CLANG_WARN__DUPLICATE_METHOD_MATCH = YES;
				"CODE_SIGN_IDENTITY[sdk=iphoneos*]" = "iPhone Developer";
				COPY_PHASE_STRIP = NO;
				GCC_C_LANGUAGE_STANDARD = gnu99;
				GCC_DYNAMIC_NO_PIC = NO;
				GCC_OPTIMIZATION_LEVEL = 0;
				GCC_PREPROCESSOR_DEFINITIONS = (
					"DEBUG=1",
					"$(inherited)",
				);
				GCC_SYMBOLS_PRIVATE_EXTERN = NO;
				GCC_WARN_64_TO_32_BIT_CONVERSION = YES;
				GCC_WARN_ABOUT_RETURN_TYPE = YES_ERROR;
				GCC_WARN_UNDECLARED_SELECTOR = YES;
				GCC_WARN_UNINITIALIZED_AUTOS = YES_AGGRESSIVE;
				GCC_WARN_UNUSED_FUNCTION = YES;
				GCC_WARN_UNUSED_VARIABLE = YES;
				IPHONEOS_DEPLOYMENT_TARGET = 7.1;
				ONLY_ACTIVE_ARCH = YES;
				SDKROOT = iphoneos;
				TARGETED_DEVICE_FAMILY = "1,2";
			};
			name = Debug;
		};
		A418EFF418EB576400F8CD4F /* Release */ = {
			isa = XCBuildConfiguration;
			buildSettings = {
				ALWAYS_SEARCH_USER_PATHS = NO;
				CLANG_CXX_LANGUAGE_STANDARD = "gnu++0x";
				CLANG_CXX_LIBRARY = "libc++";
				CLANG_ENABLE_MODULES = YES;
				CLANG_ENABLE_OBJC_ARC = YES;
				CLANG_WARN_BOOL_CONVERSION = YES;
				CLANG_WARN_CONSTANT_CONVERSION = YES;
				CLANG_WARN_DIRECT_OBJC_ISA_USAGE = YES_ERROR;
				CLANG_WARN_EMPTY_BODY = YES;
				CLANG_WARN_ENUM_CONVERSION = YES;
				CLANG_WARN_INT_CONVERSION = YES;
				CLANG_WARN_OBJC_ROOT_CLASS = YES_ERROR;
				CLANG_WARN__DUPLICATE_METHOD_MATCH = YES;
				"CODE_SIGN_IDENTITY[sdk=iphoneos*]" = "iPhone Developer";
				COPY_PHASE_STRIP = YES;
				ENABLE_NS_ASSERTIONS = NO;
				GCC_C_LANGUAGE_STANDARD = gnu99;
				GCC_WARN_64_TO_32_BIT_CONVERSION = YES;
				GCC_WARN_ABOUT_RETURN_TYPE = YES_ERROR;
				GCC_WARN_UNDECLARED_SELECTOR = YES;
				GCC_WARN_UNINITIALIZED_AUTOS = YES_AGGRESSIVE;
				GCC_WARN_UNUSED_FUNCTION = YES;
				GCC_WARN_UNUSED_VARIABLE = YES;
				IPHONEOS_DEPLOYMENT_TARGET = 7.1;
				SDKROOT = iphoneos;
				TARGETED_DEVICE_FAMILY = "1,2";
				VALIDATE_PRODUCT = YES;
			};
			name = Release;
		};
		A418EFF618EB576400F8CD4F /* Debug */ = {
			isa = XCBuildConfiguration;
			buildSettings = {
				ASSETCATALOG_COMPILER_APPICON_NAME = AppIcon;
				ASSETCATALOG_COMPILER_LAUNCHIMAGE_NAME = LaunchImage;
				"CODE_SIGN_IDENTITY[sdk=iphoneos*]" = "iPhone Developer";
				FRAMEWORK_SEARCH_PATHS = (
					"$(inherited)",
					"$(PROJECT_DIR)",
				);
				GCC_PRECOMPILE_PREFIX_HEADER = YES;
				GCC_PREFIX_HEADER = "TitaniumDragonfly/TitaniumDragonfly-Prefix.pch";
				INFOPLIST_FILE = "TitaniumDragonfly/TitaniumDragonfly-Info.plist";
				PRODUCT_NAME = "$(TARGET_NAME)";
				WRAPPER_EXTENSION = app;
			};
			name = Debug;
		};
		A418EFF718EB576400F8CD4F /* Release */ = {
			isa = XCBuildConfiguration;
			buildSettings = {
				ASSETCATALOG_COMPILER_APPICON_NAME = AppIcon;
				ASSETCATALOG_COMPILER_LAUNCHIMAGE_NAME = LaunchImage;
				"CODE_SIGN_IDENTITY[sdk=iphoneos*]" = "iPhone Developer";
				FRAMEWORK_SEARCH_PATHS = (
					"$(inherited)",
					"$(PROJECT_DIR)",
				);
				GCC_PRECOMPILE_PREFIX_HEADER = YES;
				GCC_PREFIX_HEADER = "TitaniumDragonfly/TitaniumDragonfly-Prefix.pch";
				INFOPLIST_FILE = "TitaniumDragonfly/TitaniumDragonfly-Info.plist";
				PRODUCT_NAME = "$(TARGET_NAME)";
				WRAPPER_EXTENSION = app;
			};
			name = Release;
		};
		A418EFF918EB576400F8CD4F /* Debug */ = {
			isa = XCBuildConfiguration;
			buildSettings = {
				BUNDLE_LOADER = "$(BUILT_PRODUCTS_DIR)/TitaniumDragonfly.app/TitaniumDragonfly";
				FRAMEWORK_SEARCH_PATHS = (
					"$(SDKROOT)/Developer/Library/Frameworks",
					"$(inherited)",
					"$(DEVELOPER_FRAMEWORKS_DIR)",
					"$(PROJECT_DIR)",
				);
				GCC_PRECOMPILE_PREFIX_HEADER = YES;
				GCC_PREFIX_HEADER = "TitaniumDragonfly/TitaniumDragonfly-Prefix.pch";
				GCC_PREPROCESSOR_DEFINITIONS = (
					"DEBUG=1",
					"$(inherited)",
				);
				HEADER_SEARCH_PATHS = (
					"$(inherited)",
					/Applications/Xcode.app/Contents/Developer/Toolchains/XcodeDefault.xctoolchain/usr/include,
					"$(SRCROOT)/usr/include",
				);
				INFOPLIST_FILE = "TitaniumDragonflyTests/TitaniumDragonflyTests-Info.plist";
				LIBRARY_SEARCH_PATHS = (
					"$(inherited)",
					"$(PROJECT_DIR)/usr/lib",
				);
				OTHER_LDFLAGS = (
					"$(inherited)",
					"-framework",
					XCTest,
					"-force_load",
					"$(SRCROOT)/usr/lib/libOCMock.a",
				);
				PRODUCT_NAME = "$(TARGET_NAME)";
				TEST_HOST = "$(BUNDLE_LOADER)";
				WRAPPER_EXTENSION = xctest;
			};
			name = Debug;
		};
		A418EFFA18EB576400F8CD4F /* Release */ = {
			isa = XCBuildConfiguration;
			buildSettings = {
				BUNDLE_LOADER = "$(BUILT_PRODUCTS_DIR)/TitaniumDragonfly.app/TitaniumDragonfly";
				FRAMEWORK_SEARCH_PATHS = (
					"$(SDKROOT)/Developer/Library/Frameworks",
					"$(inherited)",
					"$(DEVELOPER_FRAMEWORKS_DIR)",
					"$(PROJECT_DIR)",
				);
				GCC_PRECOMPILE_PREFIX_HEADER = YES;
				GCC_PREFIX_HEADER = "TitaniumDragonfly/TitaniumDragonfly-Prefix.pch";
				HEADER_SEARCH_PATHS = (
					"$(inherited)",
					/Applications/Xcode.app/Contents/Developer/Toolchains/XcodeDefault.xctoolchain/usr/include,
					"$(SRCROOT)/usr/include",
				);
				INFOPLIST_FILE = "TitaniumDragonflyTests/TitaniumDragonflyTests-Info.plist";
				LIBRARY_SEARCH_PATHS = (
					"$(inherited)",
					"$(PROJECT_DIR)/usr/lib",
				);
				OTHER_LDFLAGS = (
					"$(inherited)",
					"-framework",
					XCTest,
					"-force_load",
					"$(SRCROOT)/usr/lib/libOCMock.a",
				);
				PRODUCT_NAME = "$(TARGET_NAME)";
				TEST_HOST = "$(BUNDLE_LOADER)";
				WRAPPER_EXTENSION = xctest;
			};
			name = Release;
		};
/* End XCBuildConfiguration section */

/* Begin XCConfigurationList section */
		A418EFBE18EB576400F8CD4F /* Build configuration list for PBXProject "TitaniumDragonfly" */ = {
			isa = XCConfigurationList;
			buildConfigurations = (
				A418EFF318EB576400F8CD4F /* Debug */,
				A418EFF418EB576400F8CD4F /* Release */,
			);
			defaultConfigurationIsVisible = 0;
			defaultConfigurationName = Release;
		};
		A418EFF518EB576400F8CD4F /* Build configuration list for PBXNativeTarget "TitaniumDragonfly" */ = {
			isa = XCConfigurationList;
			buildConfigurations = (
				A418EFF618EB576400F8CD4F /* Debug */,
				A418EFF718EB576400F8CD4F /* Release */,
			);
			defaultConfigurationIsVisible = 0;
			defaultConfigurationName = Release;
		};
		A418EFF818EB576400F8CD4F /* Build configuration list for PBXNativeTarget "TitaniumDragonflyTests" */ = {
			isa = XCConfigurationList;
			buildConfigurations = (
				A418EFF918EB576400F8CD4F /* Debug */,
				A418EFFA18EB576400F8CD4F /* Release */,
			);
			defaultConfigurationIsVisible = 0;
			defaultConfigurationName = Release;
		};
/* End XCConfigurationList section */

/* Begin XCVersionGroup section */
		A418EFDA18EB576400F8CD4F /* TitaniumDragonfly.xcdatamodeld */ = {
			isa = XCVersionGroup;
			children = (
				A418EFDB18EB576400F8CD4F /* TitaniumDragonfly.xcdatamodel */,
			);
			currentVersion = A418EFDB18EB576400F8CD4F /* TitaniumDragonfly.xcdatamodel */;
			path = TitaniumDragonfly.xcdatamodeld;
			sourceTree = "<group>";
			versionGroupType = wrapper.xcdatamodel;
		};
/* End XCVersionGroup section */
	};
	rootObject = A418EFBB18EB576400F8CD4F /* Project object */;
}
